
Microsoft Visual Studio Solution File, Format Version 12.00
# Visual Studio 15
VisualStudioVersion = 15.0.26124.0
MinimumVisualStudioVersion = 15.0.26124.0
Project("{2150E333-8FDC-42A3-9474-1A3956D46DE8}") = "src", "src", "{647F8798-A186-4660-ACD2-85AD7B25E9B7}"
EndProject
Project("{FAE04EC0-301F-11D3-BF4B-00C04F79EFBC}") = "GADev.WarGame.Api", "src\GADev.WarGame.Api\GADev.WarGame.Api.csproj", "{334F1DA4-CC13-45E1-81FF-773D5565998B}"
EndProject
Global
	GlobalSection(SolutionConfigurationPlatforms) = preSolution
		Debug|Any CPU = Debug|Any CPU
		Debug|x64 = Debug|x64
		Debug|x86 = Debug|x86
		Release|Any CPU = Release|Any CPU
		Release|x64 = Release|x64
		Release|x86 = Release|x86
	EndGlobalSection
	GlobalSection(SolutionProperties) = preSolution
		HideSolutionNode = FALSE
	EndGlobalSection
	GlobalSection(ProjectConfigurationPlatforms) = postSolution
		{334F1DA4-CC13-45E1-81FF-773D5565998B}.Debug|Any CPU.ActiveCfg = Debug|Any CPU
		{334F1DA4-CC13-45E1-81FF-773D5565998B}.Debug|Any CPU.Build.0 = Debug|Any CPU
		{334F1DA4-CC13-45E1-81FF-773D5565998B}.Debug|x64.ActiveCfg = Debug|Any CPU
		{334F1DA4-CC13-45E1-81FF-773D5565998B}.Debug|x64.Build.0 = Debug|Any CPU
		{334F1DA4-CC13-45E1-81FF-773D5565998B}.Debug|x86.ActiveCfg = Debug|Any CPU
		{334F1DA4-CC13-45E1-81FF-773D5565998B}.Debug|x86.Build.0 = Debug|Any CPU
		{334F1DA4-CC13-45E1-81FF-773D5565998B}.Release|Any CPU.ActiveCfg = Release|Any CPU
		{334F1DA4-CC13-45E1-81FF-773D5565998B}.Release|Any CPU.Build.0 = Release|Any CPU
		{334F1DA4-CC13-45E1-81FF-773D5565998B}.Release|x64.ActiveCfg = Release|Any CPU
		{334F1DA4-CC13-45E1-81FF-773D5565998B}.Release|x64.Build.0 = Release|Any CPU
		{334F1DA4-CC13-45E1-81FF-773D5565998B}.Release|x86.ActiveCfg = Release|Any CPU
		{334F1DA4-CC13-45E1-81FF-773D5565998B}.Release|x86.Build.0 = Release|Any CPU
	EndGlobalSection
	GlobalSection(NestedProjects) = preSolution
		{334F1DA4-CC13-45E1-81FF-773D5565998B} = {647F8798-A186-4660-ACD2-85AD7B25E9B7}
	EndGlobalSection
EndGlobal
